{
  "version": "5",
  "specifiers": {
    "jsr:@b-fuze/deno-dom@*": "0.1.51",
    "jsr:@std/assert@*": "1.0.13",
    "jsr:@std/assert@1": "1.0.13",
    "jsr:@std/async@*": "1.0.13",
    "jsr:@std/internal@^1.0.6": "1.0.9",
    "jsr:@std/internal@^1.0.9": "1.0.9",
    "jsr:@std/path@*": "1.1.1",
    "jsr:@std/path@^1.0.3": "1.1.1",
    "npm:@fortawesome/free-brands-svg-icons@*": "6.7.2",
    "npm:@fortawesome/free-solid-svg-icons@*": "6.7.2",
    "npm:@types/node@*": "22.15.15",
    "npm:browserslist@^4.21.0": "4.25.1",
    "npm:caniuse-lite@^1.0.30001726": "1.0.30001726",
    "npm:caniuse-lite@^1.0.30001727": "1.0.30001727",
    "npm:chalk@^5.4.1": "5.4.1",
    "npm:preact-render-to-string@^6.5.13": "6.5.13_preact@10.26.9",
    "npm:preact@^10.26.6": "10.26.9",
    "npm:text-to-svg@*": "3.1.5"
  },
  "jsr": {
    "@b-fuze/deno-dom@0.1.51": {
      "integrity": "0ba06228703887c36c416d77619c5739091ae1d70c98e72f668d39d8d4283f02"
    },
    "@std/assert@1.0.13": {
      "integrity": "ae0d31e41919b12c656c742b22522c32fb26ed0cba32975cb0de2a273cb68b29",
      "dependencies": [
        "jsr:@std/internal@^1.0.6"
      ]
    },
    "@std/async@1.0.13": {
      "integrity": "1d76ca5d324aef249908f7f7fe0d39aaf53198e5420604a59ab5c035adc97c96"
    },
    "@std/internal@1.0.9": {
      "integrity": "bdfb97f83e4db7a13e8faab26fb1958d1b80cc64366501af78a0aee151696eb8"
    },
    "@std/path@1.1.1": {
      "integrity": "fe00026bd3a7e6a27f73709b83c607798be40e20c81dde655ce34052fd82ec76",
      "dependencies": [
        "jsr:@std/internal@^1.0.9"
      ]
    }
  },
  "npm": {
    "@fortawesome/fontawesome-common-types@6.7.2": {
      "integrity": "sha512-Zs+YeHUC5fkt7Mg1l6XTniei3k4bwG/yo3iFUtZWd/pMx9g3fdvkSK9E0FOC+++phXOka78uJcYb8JaFkW52Xg=="
    },
    "@fortawesome/free-brands-svg-icons@6.7.2": {
      "integrity": "sha512-zu0evbcRTgjKfrr77/2XX+bU+kuGfjm0LbajJHVIgBWNIDzrhpRxiCPNT8DW5AdmSsq7Mcf9D1bH0aSeSUSM+Q==",
      "dependencies": [
        "@fortawesome/fontawesome-common-types"
      ]
    },
    "@fortawesome/free-solid-svg-icons@6.7.2": {
      "integrity": "sha512-GsBrnOzU8uj0LECDfD5zomZJIjrPhIlWU82AHwa2s40FKH+kcxQaBvBo3Z4TxyZHIyX8XTDxsyA33/Vx9eFuQA==",
      "dependencies": [
        "@fortawesome/fontawesome-common-types"
      ]
    },
    "@types/node@22.15.15": {
      "integrity": "sha512-R5muMcZob3/Jjchn5LcO8jdKwSCbzqmPB6ruBxMcf9kbxtniZHP327s6C37iOfuw8mbKK3cAQa7sEl7afLrQ8A==",
      "dependencies": [
        "undici-types"
      ]
    },
    "browserslist@4.25.1": {
      "integrity": "sha512-KGj0KoOMXLpSNkkEI6Z6mShmQy0bc1I+T7K9N81k4WWMrfz+6fQ6es80B/YLAeRoKvjYE1YSHHOW1qe9xIVzHw==",
      "dependencies": [
        "caniuse-lite@1.0.30001726",
        "electron-to-chromium",
        "node-releases",
        "update-browserslist-db"
      ],
      "bin": true
    },
    "caniuse-lite@1.0.30001726": {
      "integrity": "sha512-VQAUIUzBiZ/UnlM28fSp2CRF3ivUn1BWEvxMcVTNwpw91Py1pGbPIyIKtd+tzct9C3ouceCVdGAXxZOpZAsgdw=="
    },
    "caniuse-lite@1.0.30001727": {
      "integrity": "sha512-pB68nIHmbN6L/4C6MH1DokyR3bYqFwjaSs/sWDHGj4CTcFtQUQMuJftVwWkXq7mNWOybD3KhUv3oWHoGxgP14Q=="
    },
    "chalk@5.4.1": {
      "integrity": "sha512-zgVZuo2WcZgfUEmsn6eO3kINexW8RAE4maiQ8QNs8CtpPCSyMiYsULR3HQYkm3w8FIA3SberyMJMSldGsW+U3w=="
    },
    "commander@2.20.3": {
      "integrity": "sha512-GpVkmM8vF2vQUkj2LvZmD35JxeJOLCwJ9cUkugyk2nuhbv3+mJvpLYYt+0+USMxE+oj+ey/lJEnhZw75x/OMcQ=="
    },
    "electron-to-chromium@1.5.179": {
      "integrity": "sha512-UWKi/EbBopgfFsc5k61wFpV7WrnnSlSzW/e2XcBmS6qKYTivZlLtoll5/rdqRTxGglGHkmkW0j0pFNJG10EUIQ=="
    },
    "escalade@3.2.0": {
      "integrity": "sha512-WUj2qlxaQtO4g6Pq5c29GTcWGDyd8itL8zTlipgECz3JesAiiOKotd8JU6otB3PACgG6xkJUyVhboMS+bje/jA=="
    },
    "node-releases@2.0.19": {
      "integrity": "sha512-xxOWJsBKtzAq7DY0J+DTzuz58K8e7sJbdgwkbMWQe8UYB6ekmsQ45q0M/tJDsGaZmbC+l7n57UV8Hl5tHxO9uw=="
    },
    "opentype.js@0.11.0": {
      "integrity": "sha512-Z9NkAyQi/iEKQYzCSa7/VJSqVIs33wknw8Z8po+DzuRUAqivJ+hJZ94mveg3xIeKwLreJdWTMyEO7x1K13l41Q==",
      "dependencies": [
        "string.prototype.codepointat",
        "tiny-inflate"
      ],
      "bin": true
    },
    "picocolors@1.1.1": {
      "integrity": "sha512-xceH2snhtb5M9liqDsmEw56le376mTZkEX/jEb/RxNFyegNul7eNslCXP9FDj/Lcu0X8KEyMceP2ntpaHrDEVA=="
    },
    "preact-render-to-string@6.5.13_preact@10.26.9": {
      "integrity": "sha512-iGPd+hKPMFKsfpR2vL4kJ6ZPcFIoWZEcBf0Dpm3zOpdVvj77aY8RlLiQji5OMrngEyaxGogeakTb54uS2FvA6w==",
      "dependencies": [
        "preact"
      ]
    },
    "preact@10.26.9": {
      "integrity": "sha512-SSjF9vcnF27mJK1XyFMNJzFd5u3pQiATFqoaDy03XuN00u4ziveVVEGt5RKJrDR8MHE/wJo9Nnad56RLzS2RMA=="
    },
    "string.prototype.codepointat@0.2.1": {
      "integrity": "sha512-2cBVCj6I4IOvEnjgO/hWqXjqBGsY+zwPmHl12Srk9IXSZ56Jwwmy+66XO5Iut/oQVR7t5ihYdLB0GMa4alEUcg=="
    },
    "text-to-svg@3.1.5": {
      "integrity": "sha512-mbeGhMz9MAFaGaZGE8n4Mh/iQV/UkVnYJXhXFrv0eWkcNTgflhpHR2a8nr2ci3NU4FekIHJYKh0N0qdc6yUpfA==",
      "dependencies": [
        "commander",
        "opentype.js"
      ],
      "bin": true
    },
    "tiny-inflate@1.0.3": {
      "integrity": "sha512-pkY1fj1cKHb2seWDy0B16HeWyczlJA9/WW3u3c4z/NiWDsO3DOU5D7nhTLE9CF0yXv/QZFY7sEJmj24dK+Rrqw=="
    },
    "undici-types@6.21.0": {
      "integrity": "sha512-iwDZqg0QAGrg9Rav5H4n0M64c3mkR59cJ6wQp+7C4nI0gsmExaedaYLNO44eT4AtBBwjbTiGPMlt2Md0T9H9JQ=="
    },
    "update-browserslist-db@1.1.3_browserslist@4.25.1": {
      "integrity": "sha512-UxhIZQ+QInVdunkDAaiazvvT/+fXL5Osr0JZlJulepYu6Jd7qJtDZjlur0emRlT71EN3ScPoE7gvsuIKKNavKw==",
      "dependencies": [
        "browserslist",
        "escalade",
        "picocolors"
      ],
      "bin": true
    }
  },
  "redirects": {
    "https://deno.land/std/encoding/base64.ts": "https://deno.land/std@0.224.0/encoding/base64.ts",
    "https://deno.land/x/canvas": "https://deno.land/x/canvas@v1.4.2",
    "https://deno.land/x/canvas/mod.ts": "https://deno.land/x/canvas@v1.4.2/mod.ts",
    "https://esm.sh/@types/electron-to-chromium@~1.5.0/versions.d.ts": "https://esm.sh/@types/electron-to-chromium@1.5.0/versions.d.ts",
    "https://esm.sh/browserslist@^4.21.0": "https://esm.sh/browserslist@4.25.1",
    "https://esm.sh/caniuse-lite@^1.0.30001726/dist/unpacker/agents?target=denonext": "https://esm.sh/caniuse-lite@1.0.30001726/dist/unpacker/agents?target=denonext",
    "https://esm.sh/caniuse-lite@^1.0.30001726/dist/unpacker/feature?target=denonext": "https://esm.sh/caniuse-lite@1.0.30001726/dist/unpacker/feature?target=denonext",
    "https://esm.sh/caniuse-lite@^1.0.30001726/dist/unpacker/region?target=denonext": "https://esm.sh/caniuse-lite@1.0.30001726/dist/unpacker/region?target=denonext",
    "https://esm.sh/electron-to-chromium@^1.5.173/versions?target=denonext": "https://esm.sh/electron-to-chromium@1.5.179/versions?target=denonext",
    "https://esm.sh/node-releases@^2.0.19/data/processed/envs.json?module": "https://esm.sh/node-releases@2.0.19/data/processed/envs.json?module",
    "https://esm.sh/node-releases@^2.0.19/data/release-schedule/release-schedule.json?module": "https://esm.sh/node-releases@2.0.19/data/release-schedule/release-schedule.json?module",
    "https://unpkg.com/@mdn/browser-compat-data": "https://unpkg.com/@mdn/browser-compat-data@6.0.28/data.json",
    "https://unpkg.com/browserslist": "https://unpkg.com/browserslist@4.25.1",
    "https://unpkg.com/browserslist@4.25.1": "https://unpkg.com/browserslist@4.25.1/index.js",
    "https://unpkg.com/browserslist@4.25.1/error": "https://unpkg.com/browserslist@4.25.1/error.js",
    "https://unpkg.com/browserslist@4.25.1/node": "https://unpkg.com/browserslist@4.25.1/node.js",
    "https://unpkg.com/browserslist@4.25.1/parse": "https://unpkg.com/browserslist@4.25.1/parse.js",
    "https://unpkg.com/preact": "https://unpkg.com/preact@10.26.9/dist/preact.min.js",
    "https://unpkg.com/preact-render-to-string": "https://unpkg.com/preact-render-to-string@6.5.13/dist/index.js",
    "https://unpkg.com/preact-render-to-string@6.5.13/dist/commonjs": "https://unpkg.com/preact-render-to-string@6.5.13/dist/commonjs.js"
  },
  "remote": {
    "https://cdn.skypack.dev/-/browserslist@v4.25.1-vYjdmWfQSmcOsyyeTaHp/dist=es2019,mode=imports/optimized/browserslist.js": "13b607c7435a50086f6888dbfaa4d16605e907b5194c680ad289b5852f31b676",
    "https://cdn.skypack.dev/-/caniuse-lite@v1.0.30001726-vn2yedDbFe8gFhjo4odZ/dist=es2019,mode=imports/unoptimized/data/agents.js": "b11a1f0b4743459c2611016a158fbe1f5689be18c1d9474046b163fc0fe729ba",
    "https://cdn.skypack.dev/-/caniuse-lite@v1.0.30001726-vn2yedDbFe8gFhjo4odZ/dist=es2019,mode=imports/unoptimized/data/browserVersions.js": "6cc13034f456fd374fe2fc0a2ef3b7728edb56ade6e3fa209d474e11b0960acc",
    "https://cdn.skypack.dev/-/caniuse-lite@v1.0.30001726-vn2yedDbFe8gFhjo4odZ/dist=es2019,mode=imports/unoptimized/data/browsers.js": "74bdf53ac5a2dd75b572db8c74fb8e6b2aa8667772b59a95d1ea0e15c6191e1e",
    "https://cdn.skypack.dev/-/caniuse-lite@v1.0.30001726-vn2yedDbFe8gFhjo4odZ/dist=es2019,mode=imports/unoptimized/dist/unpacker/agents.js": "db5a79ddd47fc55a676c4bee3924380f1eed7c86879bc3fcf41739452c184e7e",
    "https://cdn.skypack.dev/-/caniuse-lite@v1.0.30001726-vn2yedDbFe8gFhjo4odZ/dist=es2019,mode=imports/unoptimized/dist/unpacker/browserVersions.js": "f7f17a436506eb259155e3832c156dc5c5fb8d2b213064da256c278d78b5823d",
    "https://cdn.skypack.dev/-/caniuse-lite@v1.0.30001726-vn2yedDbFe8gFhjo4odZ/dist=es2019,mode=imports/unoptimized/dist/unpacker/browsers.js": "c2fc50ce47fd66f76ff14d189ddb7ec7a729dd85c7edd4402361dfaa6af36893",
    "https://cdn.skypack.dev/-/electron-to-chromium@v1.5.173-PNG1XZ17mEYEC4Csj4FQ/dist=es2019,mode=imports/unoptimized/versions.js": "8eaec0c100eb742fdcf4555ab9cfd941a0cb99db3e9b8fd860a6fc9d9145a437",
    "https://cdn.skypack.dev/browserslist@^4.21.0": "8e965489cedab3db239ff5bcdf5bc73144e7af066406cb831492dd9ac702f138",
    "https://cdn.skypack.dev/error/type:node-releases?specifier=node-releases%2Fdata%2Fprocessed%2Fenvs.json&type=ASSET&from=browserslist": "e3fd0cf103210cc8f97f1613f6adb3d68f724e2bf4053e526e33900afe719363",
    "https://cdn.skypack.dev/error/type:node-releases?specifier=node-releases%2Fdata%2Frelease-schedule%2Frelease-schedule.json&type=ASSET&from=browserslist": "66927fad1944bfcc0bbc7f94e3b4a2319e8aaf3a64ddbf4f38f2ae808263d80e",
    "https://deno.land/std@0.106.0/encoding/base64.ts": "eecae390f1f1d1cae6f6c6d732ede5276bf4b9cd29b1d281678c054dc5cc009e",
    "https://deno.land/std@0.224.0/encoding/_util.ts": "beacef316c1255da9bc8e95afb1fa56ed69baef919c88dc06ae6cb7a6103d376",
    "https://deno.land/std@0.224.0/encoding/base64.ts": "dd59695391584c8ffc5a296ba82bcdba6dd8a84d41a6a539fbee8e5075286eaf",
    "https://deno.land/std@0.76.0/encoding/base64.ts": "b1d8f99b778981548457ec74bc6273ad785ffd6f61b2233bd5b30925345b565d",
    "https://deno.land/x/canvas@v1.1.1/deps.ts": "d6e023604ea156fbcb2bd997e2c957b119addf2bf782087e2358bd4705bab274",
    "https://deno.land/x/canvas@v1.1.1/lib.js": "3d02b3ab09299e81e16c3467c5ee610fbf7902c83725e8a5bc82311fcb99a1c0",
    "https://deno.land/x/canvas@v1.1.1/mod.ts": "6623dda5d83ce6eb8f7ec16dbb0adec02b4b0fadad409e622ec0b823248637f9",
    "https://deno.land/x/canvas@v1.1.1/types.ts": "c8b32221ffa8b045a032fca63856314fbc4f808f3caff0462b5d1e2ebbb108b9",
    "https://deno.land/x/canvas@v1.1.1/wasm.js": "82494da412e811b69f70634da0da96a64591c4aa5d6b8fe81ec8c7e006610940",
    "https://deno.land/x/canvas@v1.4.2/deps.ts": "e956026d98094946166e06d7b799290b732db015813870d84e04e33ab88e98f3",
    "https://deno.land/x/canvas@v1.4.2/mod.ts": "a4e16972647ceafef58612a377a218372454c99d2c9da615a132694597114f80",
    "https://deno.land/x/canvas@v1.4.2/src/base64.ts": "0928031fdba0c43b617154fbe2eb7578366460c04da1422933ae5e936d3d0349",
    "https://deno.land/x/canvas@v1.4.2/src/canvas.ts": "58119999b04f68ebeed2627485c5c24c5b0c029707edde0b6568814f9049a3a8",
    "https://deno.land/x/canvas@v1.4.2/src/canvaskit.ts": "c3d807472cbb3e1d9fc01bb43ff974ef796c4b010178d1595be5fa793cce5e7d",
    "https://deno.land/x/canvas@v1.4.2/src/color_util.ts": "28f1072f0a5acbe7add7fac2f452311a47b44c080806fc4057de2d2e405c6c1c",
    "https://deno.land/x/canvas@v1.4.2/src/lib.js": "55c4064064870313439dd7ef5297374cb0cbed2dc815bd064c3ace6e067753b0",
    "https://deno.land/x/canvas@v1.4.2/src/types.ts": "67d5800f8f4b0a407e0251676a03ae91b5f50a3ed53e6b72dc5984113cb93128",
    "https://deno.land/x/canvas@v1.4.2/src/wasm.js": "449d72cc14fc4142a5853f944df49a744d852981d09c5515528ede8aebb0afda",
    "https://deno.land/x/fetchbase64@1.0.0/deps.ts": "2f44013a40540650b346d36b6aae141207b39426fca02ec5292d9d4d5f33f4ac",
    "https://deno.land/x/fetchbase64@1.0.0/mod.ts": "f4551a2ecf41f560dcd12c6c8cf65b5246458b2b9b2b2836693a3410b15ca82f",
    "https://deno.land/x/fetchbase64@1.0.0/src/auto.ts": "77a20763dd250b71af0ff7abe11a37722c0ee637cd1feafe4afd081f7d04e868",
    "https://deno.land/x/fetchbase64@1.0.0/src/local.ts": "53a9d0157419f3bc1aac6440549adac529c475042d2391532618242a883f96c9",
    "https://deno.land/x/fetchbase64@1.0.0/src/remote.ts": "95320d1e2cba524099f18a446195388de31281e713ec6c86e46f9d20bb6db736",
    "https://deno.land/x/hono@v4.1.0/client/client.ts": "b9d07d47a7b23f007fb2ea29a3185885e85a963a63b0f921f93ae2981ee29cda",
    "https://deno.land/x/hono@v4.1.0/client/index.ts": "30def535310a37bede261f1b23d11a9758983b8e9d60a6c56309cee5f6746ab2",
    "https://deno.land/x/hono@v4.1.0/client/types.ts": "0c131d0bcc205c18e6c2e858be1bf3886907594c69563f4ab3264bbe81f5ecd0",
    "https://deno.land/x/hono@v4.1.0/client/utils.ts": "b61b11614aa976e4b6f829642528bd78bf8d19a72aa57426e40eb21507a69c0a",
    "https://deno.land/x/hono@v4.1.0/compose.ts": "37d6e33b7db80e4c43a0629b12fd3a1e3406e7d9e62a4bfad4b30426ea7ae4f1",
    "https://deno.land/x/hono@v4.1.0/context.ts": "2c6b270ca580a46335d04bb5aac39ac13d00e7e4910f54deba446c0a93f0401f",
    "https://deno.land/x/hono@v4.1.0/helper/cookie/index.ts": "80b98f8a014e8b03a9130cce9fb03f6175f82a64367e954d120634f8543556e2",
    "https://deno.land/x/hono@v4.1.0/helper/websocket/index.ts": "d72e052f0b6bfd98c26c4348ad499b493b2baf24bfdaae81b399453dcdad1483",
    "https://deno.land/x/hono@v4.1.0/hono-base.ts": "d3323a4668796cd56b9061ad34f2fa12a3c52178890cfffe27bd077e263c0ab7",
    "https://deno.land/x/hono@v4.1.0/hono.ts": "23edd0140bf0bd5a68c14ae96e5856a5cec6b844277e853b91025e91ea74f416",
    "https://deno.land/x/hono@v4.1.0/http-exception.ts": "cd387c6f7357db375ac3375f0346c6da80b46193b661881f660d6b15293fc086",
    "https://deno.land/x/hono@v4.1.0/mod.ts": "90114a97be9111b348129ad0143e764a64921f60dd03b8f3da529db98a0d3a82",
    "https://deno.land/x/hono@v4.1.0/request.ts": "9c8061eaf4373aa122a77d1aa8e888397425bc5d78bc17c87a2c861375c4f0b3",
    "https://deno.land/x/hono@v4.1.0/router.ts": "880316f561918fc197481755aac2165fdbe2f530b925c5357a9f98d6e2cc85c7",
    "https://deno.land/x/hono@v4.1.0/router/linear-router/index.ts": "8a2a7144c50b1f4a92d9ee99c2c396716af144c868e10608255f969695efccd0",
    "https://deno.land/x/hono@v4.1.0/router/linear-router/router.ts": "9f8b82c2ba63aebafa58e2e0256490d34d254ebbe8a57ca9ce3ba23709bece3a",
    "https://deno.land/x/hono@v4.1.0/router/pattern-router/index.ts": "304a66c50e243872037ed41c7dd79ed0c89d815e17e172e7ad7cdc4bc07d3383",
    "https://deno.land/x/hono@v4.1.0/router/pattern-router/router.ts": "e42b3c45545da9120f4ac9cb333eed6f230ed5cee3fa52949d2c577a37517046",
    "https://deno.land/x/hono@v4.1.0/router/reg-exp-router/index.ts": "52755829213941756159b7a963097bafde5cc4fc22b13b1c7c9184dc0512d1db",
    "https://deno.land/x/hono@v4.1.0/router/reg-exp-router/node.ts": "5b3fb80411db04c65df066e69fedb2c8c0844753c2633d703336de84d569252c",
    "https://deno.land/x/hono@v4.1.0/router/reg-exp-router/router.ts": "558ab9c2d2d10d4023d80026fd976a17b56dc853df7f1acd171b78c00507ce11",
    "https://deno.land/x/hono@v4.1.0/router/reg-exp-router/trie.ts": "852ce7207e6701e47fa30889a0d2b8bfcd56d8862c97e7bc9831e0a64bd8835f",
    "https://deno.land/x/hono@v4.1.0/router/smart-router/index.ts": "74f9b4fe15ea535900f2b9b048581915f12fe94e531dd2b0032f5610e61c3bef",
    "https://deno.land/x/hono@v4.1.0/router/smart-router/router.ts": "f1848a2a1eefa316a11853ae12e749552747771fb8a11fe713ae04ea6461140b",
    "https://deno.land/x/hono@v4.1.0/router/trie-router/index.ts": "3eb75e7f71ba81801631b30de6b1f5cefb2c7239c03797e2b2cbab5085911b41",
    "https://deno.land/x/hono@v4.1.0/router/trie-router/node.ts": "04d2eac912cc367b95545ce10d889134fc37be74ca729a7f0772970f37b29d11",
    "https://deno.land/x/hono@v4.1.0/router/trie-router/router.ts": "54ced78d35676302c8fcdda4204f7bdf5a7cc907fbf9967c75674b1e394f830d",
    "https://deno.land/x/hono@v4.1.0/types.ts": "6fa40ae360b4f0e348faff4066adf2cd7e8165dea5b48b7fc41044c324b59596",
    "https://deno.land/x/hono@v4.1.0/utils/body.ts": "1c7013f83bbef8216b3d862111efd5a183eaa29e86decf9a7eec6cdf25757e93",
    "https://deno.land/x/hono@v4.1.0/utils/buffer.ts": "9066a973e64498cb262c7e932f47eed525a51677b17f90893862b7279dc0773e",
    "https://deno.land/x/hono@v4.1.0/utils/cookie.ts": "cd05f6939b329477d88c4e9cf4321a963f95fea9a3b7b901d4c6e410849b49a1",
    "https://deno.land/x/hono@v4.1.0/utils/crypto.ts": "bda0e141bbe46d3a4a20f8fbcb6380d473b617123d9fdfa93e4499410b537acc",
    "https://deno.land/x/hono@v4.1.0/utils/html.ts": "6ea4f6bf41587a51607dff7a6d2865ef4d5001e4203b07e5c8a45b63a098e871",
    "https://deno.land/x/hono@v4.1.0/utils/http-status.ts": "f5b820f2793e45209f34deddf147b23e3133a89eb4c57dc643759a504706636b",
    "https://deno.land/x/hono@v4.1.0/utils/types.ts": "47426b7de99a75aa39305a21868c8d8e8d1316d24136a2d35fdf24e15f72970c",
    "https://deno.land/x/hono@v4.1.0/utils/url.ts": "d9d307a495e7dfc6e916fbcfa74c2d8d23e8e685bddc5e6ebc9c0f784345a01a",
    "https://deno.land/x/hono@v4.1.0/validator/index.ts": "6c986e8b91dcf857ecc8164a506ae8eea8665792a4ff7215471df669c632ae7c",
    "https://deno.land/x/hono@v4.1.0/validator/validator.ts": "d80db93f84bce6406feac5d157cb97ee69242498d0dbec4568cb5df1a844bf0f",
    "https://esm.sh/browserslist@4.25.1": "d1d22041b41ebaefb15b82a851b497ec59fce62bbd73cef47e5792b15130da51",
    "https://esm.sh/browserslist@4.25.1/denonext/browserslist.mjs": "dd77d1c2a393efb91e91c313a915803687d4a77a167273aa2827db9d6eefd0d9",
    "https://esm.sh/caniuse-lite@1.0.30001726/denonext/dist/unpacker/agents.mjs": "060464d967339bc53f1a114015f0e8636631dd573821fa0941d40054d8c89577",
    "https://esm.sh/caniuse-lite@1.0.30001726/denonext/dist/unpacker/feature.mjs": "a616d8ecadc5bac34957ade39395902ca5de1981a1076f9910f7467305f2545c",
    "https://esm.sh/caniuse-lite@1.0.30001726/denonext/dist/unpacker/region.mjs": "8c2e5dc3ba63f363084dee5e2ed33e3372158be14d2ccc1dcfbef6d969775812",
    "https://esm.sh/caniuse-lite@1.0.30001726/dist/unpacker/agents?target=denonext": "ada22d35c1c7ec424982ec0472bcbefc41fe62f8e74c71c4e8cd710f3f375853",
    "https://esm.sh/caniuse-lite@1.0.30001726/dist/unpacker/feature?target=denonext": "cb2971a55718c69bd709ae76884f8ef037e8065bb6df272292bd3161e53d4c13",
    "https://esm.sh/caniuse-lite@1.0.30001726/dist/unpacker/region?target=denonext": "0eea2005f776a17f4e48a488517d48aa68109b332bb2d9763bc37fc57c42c294",
    "https://esm.sh/electron-to-chromium@1.5.179/denonext/versions.mjs": "bb801a920cf9a8b50a8f63390e9c0923f1a1cd1d97d30c7ec6b39a30530f5588",
    "https://esm.sh/electron-to-chromium@1.5.179/versions?target=denonext": "de86022c31b5bfe30565c9367d4b80cfd5fc3bd6e15d792678d8222e2375c26a",
    "https://esm.sh/node-releases@2.0.19/data/processed/envs.json?module": "62fef61ca0cdd9c90f89cdbf60280aa1ebff036ddb965f4174e69a30e6efb196",
    "https://esm.sh/node-releases@2.0.19/data/release-schedule/release-schedule.json?module": "32b509aa9392ed0744a12a011b07eb5f86d1e0b361392699a20c1b70f631d6aa",
    "https://unpkg.com/@mdn/browser-compat-data@6.0.28/data.json": "e4dcf8e53aed5459ff99730bce8d9a2a8b1fc156507469e5ba8e82c7a632c2b6",
    "https://unpkg.com/browserslist@4.25.1/error.js": "31a088cef26edc246ab9aecf33e12d59a5abf90d8afec7846b66ab80f7cd26d4",
    "https://unpkg.com/browserslist@4.25.1/index.js": "8117051ead67d3e215eef266b12118912fb50462f42afc78cf59b43bec462429",
    "https://unpkg.com/browserslist@4.25.1/node.js": "eb14ba1ec50b471eb6dbd54de8a2cf76c97c4e396133ad4a75065e78de73d3d8",
    "https://unpkg.com/browserslist@4.25.1/parse.js": "3e66eaa40605e038c2593111aa2c815d2576339a684440275346f7634ed5f2f4",
    "https://unpkg.com/preact-render-to-string@6.5.13/dist/commonjs.js": "c8e249b922e952413ee314dfaea4fb7cffc46065880d316d352fdee294f0dc15",
    "https://unpkg.com/preact-render-to-string@6.5.13/dist/index.js": "6bb0e23ab516149ef7c3b0f94748b0698109a834e4ad4d6d6fe4b3ba498071c9",
    "https://unpkg.com/preact@10.26.9/dist/preact.min.js": "ef44131bb9586f53c4a00cf887838b50ab5ab022ca3f0c5185b8ce92c10502f7"
  },
  "workspace": {
    "dependencies": [
      "jsr:@std/assert@1",
      "jsr:@std/path@^1.0.3",
      "npm:@fortawesome/free-brands-svg-icons@*",
      "npm:@fortawesome/free-solid-svg-icons@*",
      "npm:browserslist@^4.21.0",
      "npm:caniuse-lite@^1.0.30001727",
      "npm:chalk@^5.4.1",
      "npm:preact-render-to-string@^6.5.13",
      "npm:preact@^10.26.6"
    ]
  }
}
